<?xml version="1.0" encoding="utf-8"?>
<Project ToolsVersion="4.0" xmlns="http://schemas.microsoft.com/developer/msbuild/2003">
  <ItemGroup>
    <ClCompile Include="ControlManager.cpp">
      <Filter>Source Files</Filter>
    </ClCompile>
    <ClCompile Include="DriverModel.cpp">
      <Filter>Source Files</Filter>
    </ClCompile>
    <ClCompile Include="EgoVehicle.cpp">
      <Filter>Source Files</Filter>
    </ClCompile>
    <ClCompile Include="LateralController.cpp">
      <Filter>Source Files</Filter>
    </ClCompile>
    <ClCompile Include="LongitudinalController.cpp">
      <Filter>Source Files</Filter>
    </ClCompile>
    <ClCompile Include="NearbyVehicle.cpp">
      <Filter>Source Files</Filter>
    </ClCompile>
    <ClCompile Include="SimulationLogger.cpp">
      <Filter>Source Files</Filter>
    </ClCompile>
    <ClCompile Include="Vehicle.cpp">
      <Filter>Source Files</Filter>
    </ClCompile>
    <ClCompile Include="RealLongitudinalController.cpp">
      <Filter>Source Files</Filter>
    </ClCompile>
    <ClCompile Include="VirtualLongitudinalController.cpp">
      <Filter>Source Files</Filter>
    </ClCompile>
    <ClCompile Include="VariationLimitedFilter.cpp">
      <Filter>Source Files</Filter>
    </ClCompile>
    <ClCompile Include="TrafficLight.cpp">
      <Filter>Source Files</Filter>
    </ClCompile>
    <ClCompile Include="RelativeLane.cpp">
      <Filter>Source Files</Filter>
    </ClCompile>
    <ClCompile Include="TrafficLightFileReader.cpp">
      <Filter>Source Files</Filter>
    </ClCompile>
    <ClCompile Include="LongitudinalControllerWithTrafficLights.cpp">
      <Filter>Source Files</Filter>
    </ClCompile>
    <ClCompile Include="ACCVehicle.cpp">
      <Filter>Source Files</Filter>
    </ClCompile>
    <ClCompile Include="ConnectedAutonomousVehicle.cpp">
      <Filter>Source Files</Filter>
    </ClCompile>
    <ClCompile Include="PlatoonVehicle.cpp">
      <Filter>Source Files</Filter>
    </ClCompile>
    <ClCompile Include="AutonomousVehicle.cpp">
      <Filter>Source Files</Filter>
    </ClCompile>
    <ClCompile Include="SwitchedLongitudinalController.cpp">
      <Filter>Source Files</Filter>
    </ClCompile>
    <ClCompile Include="VelocityController.cpp">
      <Filter>Source Files</Filter>
    </ClCompile>
    <ClCompile Include="GapController.cpp">
      <Filter>Source Files</Filter>
    </ClCompile>
    <ClCompile Include="Platoon.cpp">
      <Filter>Source Files</Filter>
    </ClCompile>
    <ClCompile Include="TrafficLightALCVehicle.cpp">
      <Filter>Source Files</Filter>
    </ClCompile>
    <ClCompile Include="VissimLongitudinalController.cpp">
      <Filter>Source Files</Filter>
    </ClCompile>
    <ClCompile Include="InPlatoonLongitudinalController.cpp">
      <Filter>Source Files</Filter>
    </ClCompile>
    <ClCompile Include="PlatoonLaneChangeStrategy.cpp" />
    <ClCompile Include="VehicleState.cpp" />
    <ClCompile Include="LaneChangeGapsSafety.cpp" />
  </ItemGroup>
  <ItemGroup>
    <ClInclude Include="ControlManager.h">
      <Filter>Header Files</Filter>
    </ClInclude>
    <ClInclude Include="DriverModel.h">
      <Filter>Header Files</Filter>
    </ClInclude>
    <ClInclude Include="EgoVehicle.h">
      <Filter>Header Files</Filter>
    </ClInclude>
    <ClInclude Include="LateralController.h">
      <Filter>Header Files</Filter>
    </ClInclude>
    <ClInclude Include="LongitudinalController.h">
      <Filter>Header Files</Filter>
    </ClInclude>
    <ClInclude Include="NearbyVehicle.h">
      <Filter>Header Files</Filter>
    </ClInclude>
    <ClInclude Include="SimulationLogger.h">
      <Filter>Header Files</Filter>
    </ClInclude>
    <ClInclude Include="Vehicle.h">
      <Filter>Header Files</Filter>
    </ClInclude>
    <ClInclude Include="Constants.h">
      <Filter>Header Files</Filter>
    </ClInclude>
    <ClInclude Include="VirtualLongitudinalController.h">
      <Filter>Header Files</Filter>
    </ClInclude>
    <ClInclude Include="RealLongitudinalController.h">
      <Filter>Header Files</Filter>
    </ClInclude>
    <ClInclude Include="RelativeLane.h">
      <Filter>Header Files</Filter>
    </ClInclude>
    <ClInclude Include="VariationLimitedFilter.h">
      <Filter>Header Files</Filter>
    </ClInclude>
    <ClInclude Include="TrafficLight.h">
      <Filter>Header Files</Filter>
    </ClInclude>
    <ClInclude Include="TrafficLightFileReader.h">
      <Filter>Header Files</Filter>
    </ClInclude>
    <ClInclude Include="LongitudinalControllerWithTrafficLights.h">
      <Filter>Header Files</Filter>
    </ClInclude>
    <ClInclude Include="EgoVehicleFactory.h">
      <Filter>Header Files</Filter>
    </ClInclude>
    <ClInclude Include="ACCVehicle.h">
      <Filter>Header Files</Filter>
    </ClInclude>
    <ClInclude Include="ConnectedAutonomousVehicle.h">
      <Filter>Header Files</Filter>
    </ClInclude>
    <ClInclude Include="PlatoonVehicle.h">
      <Filter>Header Files</Filter>
    </ClInclude>
    <ClInclude Include="AutonomousVehicle.h">
      <Filter>Header Files</Filter>
    </ClInclude>
    <ClInclude Include="SwitchedLongitudinalController.h">
      <Filter>Header Files</Filter>
    </ClInclude>
    <ClInclude Include="VelocityController.h">
      <Filter>Header Files</Filter>
    </ClInclude>
    <ClInclude Include="GapController.h">
      <Filter>Header Files</Filter>
    </ClInclude>
    <ClInclude Include="Platoon.h">
      <Filter>Header Files</Filter>
    </ClInclude>
    <ClInclude Include="TrafficLightALCVehicle.h">
      <Filter>Header Files</Filter>
    </ClInclude>
    <ClInclude Include="VissimLongitudinalController.h">
      <Filter>Header Files</Filter>
    </ClInclude>
    <ClInclude Include="InPlatoonLongitudinalController.h">
      <Filter>Header Files</Filter>
    </ClInclude>
    <ClInclude Include="PlatoonLaneChangeStrategy.h" />
    <ClInclude Include="VehicleState.h" />
    <ClInclude Include="LaneChangeGapsSafety.h" />
  </ItemGroup>
  <ItemGroup>
    <Filter Include="Header Files">
      <UniqueIdentifier>{d52b57e8-60a7-45f2-9236-04fdef4a1538}</UniqueIdentifier>
    </Filter>
    <Filter Include="Source Files">
      <UniqueIdentifier>{26718a99-b736-4bc6-a73a-bc5f180869a2}</UniqueIdentifier>
    </Filter>
  </ItemGroup>
</Project>