<?xml version="1.0" encoding="utf-8"?>
<Project ToolsVersion="4.0" xmlns="http://schemas.microsoft.com/developer/msbuild/2003">
  <ItemGroup>
    <ClCompile Include="VehicleState.cpp">
      <Filter>StateMachines</Filter>
    </ClCompile>
    <ClCompile Include="PlatoonLaneChangeOrder.cpp">
      <Filter>Platoons</Filter>
    </ClCompile>
    <ClCompile Include="PlatoonLCStrategyManager.cpp">
      <Filter>Platoons</Filter>
    </ClCompile>
    <ClCompile Include="Platoon.cpp">
      <Filter>Platoons</Filter>
    </ClCompile>
    <ClCompile Include="ACCVehicle.cpp">
      <Filter>Vehicles</Filter>
    </ClCompile>
    <ClCompile Include="AutonomousVehicle.cpp">
      <Filter>Vehicles</Filter>
    </ClCompile>
    <ClCompile Include="ConnectedAutonomousVehicle.cpp">
      <Filter>Vehicles</Filter>
    </ClCompile>
    <ClCompile Include="EgoVehicle.cpp">
      <Filter>Vehicles</Filter>
    </ClCompile>
    <ClCompile Include="NearbyVehicle.cpp">
      <Filter>Vehicles</Filter>
    </ClCompile>
    <ClCompile Include="NoLaneChangeCAV.cpp">
      <Filter>Vehicles</Filter>
    </ClCompile>
    <ClCompile Include="Vehicle.cpp">
      <Filter>Vehicles</Filter>
    </ClCompile>
    <ClCompile Include="PlatoonVehicle.cpp">
      <Filter>Vehicles</Filter>
    </ClCompile>
    <ClCompile Include="GapController.cpp">
      <Filter>Controllers</Filter>
    </ClCompile>
    <ClCompile Include="LateralController.cpp">
      <Filter>Controllers</Filter>
    </ClCompile>
    <ClCompile Include="LongitudinalController.cpp">
      <Filter>Controllers</Filter>
    </ClCompile>
    <ClCompile Include="RealLongitudinalController.cpp">
      <Filter>Controllers</Filter>
    </ClCompile>
    <ClCompile Include="SwitchedLongitudinalController.cpp">
      <Filter>Controllers</Filter>
    </ClCompile>
    <ClCompile Include="VanAremLongitudinalController.cpp">
      <Filter>Controllers</Filter>
    </ClCompile>
    <ClCompile Include="VelocityController.cpp">
      <Filter>Controllers</Filter>
    </ClCompile>
    <ClCompile Include="VirtualLongitudinalController.cpp">
      <Filter>Controllers</Filter>
    </ClCompile>
    <ClCompile Include="VissimLongitudinalController.cpp">
      <Filter>Controllers</Filter>
    </ClCompile>
    <ClCompile Include="VariationLimitedFilter.cpp">
      <Filter>Main and Support</Filter>
    </ClCompile>
    <ClCompile Include="TrafficLight.cpp">
      <Filter>Main and Support</Filter>
    </ClCompile>
    <ClCompile Include="TrafficLightFileReader.cpp">
      <Filter>Main and Support</Filter>
    </ClCompile>
    <ClCompile Include="DriverModel.cpp">
      <Filter>Main and Support</Filter>
    </ClCompile>
    <ClCompile Include="LaneChangeGapsSafety.cpp">
      <Filter>Main and Support</Filter>
    </ClCompile>
    <ClCompile Include="RelativeLane.cpp">
      <Filter>Main and Support</Filter>
    </ClCompile>
    <ClCompile Include="SimulationLogger.cpp">
      <Filter>Main and Support</Filter>
    </ClCompile>
    <ClCompile Include="PlatoonLaneChangeApproach.cpp">
      <Filter>Platoons</Filter>
    </ClCompile>
    <ClCompile Include="VehicleController.cpp">
      <Filter>Controllers</Filter>
    </ClCompile>
    <ClCompile Include="ACCVehicleController.cpp">
      <Filter>Controllers</Filter>
    </ClCompile>
    <ClCompile Include="CAVController.cpp">
      <Filter>Controllers</Filter>
    </ClCompile>
    <ClCompile Include="PlatoonVehicleController.cpp">
      <Filter>Controllers</Filter>
    </ClCompile>
    <ClCompile Include="AVController.cpp">
      <Filter>Controllers</Filter>
    </ClCompile>
    <ClCompile Include="SimpleLongitudinalController.cpp">
      <Filter>Controllers</Filter>
    </ClCompile>
    <ClCompile Include="LastVehicleFirstStates.cpp">
      <Filter>Deprecated</Filter>
    </ClCompile>
    <ClCompile Include="LeaderFirstAndInvertStates.cpp">
      <Filter>Deprecated</Filter>
    </ClCompile>
    <ClCompile Include="LeaderFirstStates.cpp">
      <Filter>Deprecated</Filter>
    </ClCompile>
    <ClCompile Include="PlatoonVehicleState.cpp">
      <Filter>Deprecated</Filter>
    </ClCompile>
    <ClCompile Include="SynchronousStates.cpp">
      <Filter>Deprecated</Filter>
    </ClCompile>
    <ClCompile Include="PlatoonLaneChangeStrategy.cpp">
      <Filter>Deprecated</Filter>
    </ClCompile>
  </ItemGroup>
  <ItemGroup>
    <ClInclude Include="VehicleState.h">
      <Filter>StateMachines</Filter>
    </ClInclude>
    <ClInclude Include="PlatoonVehicleState.h">
      <Filter>StateMachines</Filter>
    </ClInclude>
    <ClInclude Include="PlatoonLaneChangeOrder.h">
      <Filter>Platoons</Filter>
    </ClInclude>
    <ClInclude Include="PlatoonLCStrategyManager.h">
      <Filter>Platoons</Filter>
    </ClInclude>
    <ClInclude Include="Platoon.h">
      <Filter>Platoons</Filter>
    </ClInclude>
    <ClInclude Include="ACCVehicle.h">
      <Filter>Vehicles</Filter>
    </ClInclude>
    <ClInclude Include="AutonomousVehicle.h">
      <Filter>Vehicles</Filter>
    </ClInclude>
    <ClInclude Include="ConnectedAutonomousVehicle.h">
      <Filter>Vehicles</Filter>
    </ClInclude>
    <ClInclude Include="EgoVehicle.h">
      <Filter>Vehicles</Filter>
    </ClInclude>
    <ClInclude Include="EgoVehicleFactory.h">
      <Filter>Vehicles</Filter>
    </ClInclude>
    <ClInclude Include="NearbyVehicle.h">
      <Filter>Vehicles</Filter>
    </ClInclude>
    <ClInclude Include="NoLaneChangeCAV.h">
      <Filter>Vehicles</Filter>
    </ClInclude>
    <ClInclude Include="Vehicle.h">
      <Filter>Vehicles</Filter>
    </ClInclude>
    <ClInclude Include="GapController.h">
      <Filter>Controllers</Filter>
    </ClInclude>
    <ClInclude Include="LateralController.h">
      <Filter>Controllers</Filter>
    </ClInclude>
    <ClInclude Include="LongitudinalController.h">
      <Filter>Controllers</Filter>
    </ClInclude>
    <ClInclude Include="RealLongitudinalController.h">
      <Filter>Controllers</Filter>
    </ClInclude>
    <ClInclude Include="SwitchedLongitudinalController.h">
      <Filter>Controllers</Filter>
    </ClInclude>
    <ClInclude Include="VanAremLongitudinalController.h">
      <Filter>Controllers</Filter>
    </ClInclude>
    <ClInclude Include="VelocityController.h">
      <Filter>Controllers</Filter>
    </ClInclude>
    <ClInclude Include="VirtualLongitudinalController.h">
      <Filter>Controllers</Filter>
    </ClInclude>
    <ClInclude Include="VissimLongitudinalController.h">
      <Filter>Controllers</Filter>
    </ClInclude>
    <ClInclude Include="PlatoonVehicle.h">
      <Filter>Vehicles</Filter>
    </ClInclude>
    <ClInclude Include="Constants.h">
      <Filter>Main and Support</Filter>
    </ClInclude>
    <ClInclude Include="DriverModel.h">
      <Filter>Main and Support</Filter>
    </ClInclude>
    <ClInclude Include="LaneChangeGapsSafety.h">
      <Filter>Main and Support</Filter>
    </ClInclude>
    <ClInclude Include="RelativeLane.h">
      <Filter>Main and Support</Filter>
    </ClInclude>
    <ClInclude Include="SimulationLogger.h">
      <Filter>Main and Support</Filter>
    </ClInclude>
    <ClInclude Include="TrafficLight.h">
      <Filter>Main and Support</Filter>
    </ClInclude>
    <ClInclude Include="TrafficLightFileReader.h">
      <Filter>Main and Support</Filter>
    </ClInclude>
    <ClInclude Include="VariationLimitedFilter.h">
      <Filter>Main and Support</Filter>
    </ClInclude>
    <ClInclude Include="PlatoonLaneChangeApproach.h">
      <Filter>Platoons</Filter>
    </ClInclude>
    <ClInclude Include="StateVector.h">
      <Filter>Main and Support</Filter>
    </ClInclude>
    <ClInclude Include="VehicleController.h">
      <Filter>Controllers</Filter>
    </ClInclude>
    <ClInclude Include="ACCVehicleController.h">
      <Filter>Controllers</Filter>
    </ClInclude>
    <ClInclude Include="AVController.h">
      <Filter>Controllers</Filter>
    </ClInclude>
    <ClInclude Include="CAVController.h">
      <Filter>Controllers</Filter>
    </ClInclude>
    <ClInclude Include="PlatoonVehicleController.h">
      <Filter>Controllers</Filter>
    </ClInclude>
    <ClInclude Include="SimpleLongitudinalController.h">
      <Filter>Controllers</Filter>
    </ClInclude>
    <ClInclude Include="LastVehicleFirstStates.h">
      <Filter>Deprecated</Filter>
    </ClInclude>
    <ClInclude Include="LeaderFirstAndInvertStates.h">
      <Filter>Deprecated</Filter>
    </ClInclude>
    <ClInclude Include="LeaderFirstStates.h">
      <Filter>Deprecated</Filter>
    </ClInclude>
    <ClInclude Include="SynchronousStates.h">
      <Filter>Deprecated</Filter>
    </ClInclude>
    <ClInclude Include="PlatoonLaneChangeStrategy.h">
      <Filter>Deprecated</Filter>
    </ClInclude>
  </ItemGroup>
  <ItemGroup>
    <Filter Include="StateMachines">
      <UniqueIdentifier>{832747f0-8314-4dc8-8583-49e2215bfc0f}</UniqueIdentifier>
    </Filter>
    <Filter Include="Platoons">
      <UniqueIdentifier>{d5a68358-bc9b-4cb4-93c8-d587e7b854f5}</UniqueIdentifier>
    </Filter>
    <Filter Include="Vehicles">
      <UniqueIdentifier>{4b167513-7972-4342-9281-5ff6a600b926}</UniqueIdentifier>
    </Filter>
    <Filter Include="Controllers">
      <UniqueIdentifier>{85c72972-e01d-4e46-baf2-1ee7123202a4}</UniqueIdentifier>
    </Filter>
    <Filter Include="Main and Support">
      <UniqueIdentifier>{43712dbc-76ef-46d9-8cf8-80aa8fa2ce8e}</UniqueIdentifier>
    </Filter>
    <Filter Include="Deprecated">
      <UniqueIdentifier>{2ed1fa81-d6ad-4974-863e-e2310627b322}</UniqueIdentifier>
    </Filter>
  </ItemGroup>
</Project>